
Microsoft Visual Studio Solution File, Format Version 12.00
Project("{FAE04EC0-301F-11D3-BF4B-00C04F79EFBC}") = "ConsoleClubPC", "ConsoleClubPC.csproj", "{F21DF76B-078C-45F3-B747-C55A00F61028}"
EndProject
Global
	GlobalSection(SolutionConfigurationPlatforms) = preSolution
		Debug|Any CPU = Debug|Any CPU
		Release|Any CPU = Release|Any CPU
	EndGlobalSection
	GlobalSection(ProjectConfigurationPlatforms) = postSolution
		{F21DF76B-078C-45F3-B747-C55A00F61028}.Debug|Any CPU.ActiveCfg = Debug|Any CPU
		{F21DF76B-078C-45F3-B747-C55A00F61028}.Debug|Any CPU.Build.0 = Debug|Any CPU
		{F21DF76B-078C-45F3-B747-C55A00F61028}.Release|Any CPU.ActiveCfg = Release|Any CPU
		{F21DF76B-078C-45F3-B747-C55A00F61028}.Release|Any CPU.Build.0 = Release|Any CPU
	EndGlobalSection
EndGlobal
